
Microsoft Visual Studio Solution File, Format Version 12.00
# Visual Studio Version 17
VisualStudioVersion = 17.2.32616.157
MinimumVisualStudioVersion = 10.0.40219.1
Project("{FAE04EC0-301F-11D3-BF4B-00C04F79EFBC}") = "ApiChatIdra", "WebApplication1\ApiChatIdra.csproj", "{56170AB4-FD94-4A56-BA25-71FA11CD33D6}"
EndProject
Global
	GlobalSection(SolutionConfigurationPlatforms) = preSolution
		Debug|Any CPU = Debug|Any CPU
		Release|Any CPU = Release|Any CPU
	EndGlobalSection
	GlobalSection(ProjectConfigurationPlatforms) = postSolution
		{56170AB4-FD94-4A56-BA25-71FA11CD33D6}.Debug|Any CPU.ActiveCfg = Debug|Any CPU
		{56170AB4-FD94-4A56-BA25-71FA11CD33D6}.Debug|Any CPU.Build.0 = Debug|Any CPU
		{56170AB4-FD94-4A56-BA25-71FA11CD33D6}.Release|Any CPU.ActiveCfg = Release|Any CPU
		{56170AB4-FD94-4A56-BA25-71FA11CD33D6}.Release|Any CPU.Build.0 = Release|Any CPU
	EndGlobalSection
	GlobalSection(SolutionProperties) = preSolution
		HideSolutionNode = FALSE
	EndGlobalSection
	GlobalSection(ExtensibilityGlobals) = postSolution
		SolutionGuid = {431CF38B-F245-43AB-B507-0D582B341952}
	EndGlobalSection
EndGlobal
